
Microsoft Visual Studio Solution File, Format Version 12.00
# Visual Studio Version 16
VisualStudioVersion = 16.0.31129.286
MinimumVisualStudioVersion = 10.0.40219.1
Project("{FAE04EC0-301F-11D3-BF4B-00C04F79EFBC}") = "WFA_v1", "WFA_v1.csproj", "{45A54D8A-7815-4E6A-B068-5B58C02FF594}"
EndProject
Project("{FAE04EC0-301F-11D3-BF4B-00C04F79EFBC}") = "WFA_v2", "..\WFA_v2\WFA_v2.csproj", "{63D89A48-12E2-41DC-8A4C-48A7437C5CF2}"
EndProject
Global
	GlobalSection(SolutionConfigurationPlatforms) = preSolution
		Debug|Any CPU = Debug|Any CPU
		Release|Any CPU = Release|Any CPU
	EndGlobalSection
	GlobalSection(ProjectConfigurationPlatforms) = postSolution
		{45A54D8A-7815-4E6A-B068-5B58C02FF594}.Debug|Any CPU.ActiveCfg = Debug|Any CPU
		{45A54D8A-7815-4E6A-B068-5B58C02FF594}.Debug|Any CPU.Build.0 = Debug|Any CPU
		{45A54D8A-7815-4E6A-B068-5B58C02FF594}.Release|Any CPU.ActiveCfg = Release|Any CPU
		{45A54D8A-7815-4E6A-B068-5B58C02FF594}.Release|Any CPU.Build.0 = Release|Any CPU
		{63D89A48-12E2-41DC-8A4C-48A7437C5CF2}.Debug|Any CPU.ActiveCfg = Debug|Any CPU
		{63D89A48-12E2-41DC-8A4C-48A7437C5CF2}.Debug|Any CPU.Build.0 = Debug|Any CPU
		{63D89A48-12E2-41DC-8A4C-48A7437C5CF2}.Release|Any CPU.ActiveCfg = Release|Any CPU
		{63D89A48-12E2-41DC-8A4C-48A7437C5CF2}.Release|Any CPU.Build.0 = Release|Any CPU
	EndGlobalSection
	GlobalSection(SolutionProperties) = preSolution
		HideSolutionNode = FALSE
	EndGlobalSection
	GlobalSection(ExtensibilityGlobals) = postSolution
		SolutionGuid = {1CCF346D-5705-47C2-8A63-67C28989DB0F}
	EndGlobalSection
EndGlobal
