
Microsoft Visual Studio Solution File, Format Version 12.00
# Visual Studio Version 16
VisualStudioVersion = 16.0.31129.286
MinimumVisualStudioVersion = 10.0.40219.1
Project("{FAE04EC0-301F-11D3-BF4B-00C04F79EFBC}") = "Generic", "Generic\Generic.csproj", "{128B7B52-C507-49C5-AAFB-3ADEBC58F464}"
EndProject
Global
	GlobalSection(SolutionConfigurationPlatforms) = preSolution
		Debug|Any CPU = Debug|Any CPU
		Release|Any CPU = Release|Any CPU
	EndGlobalSection
	GlobalSection(ProjectConfigurationPlatforms) = postSolution
		{128B7B52-C507-49C5-AAFB-3ADEBC58F464}.Debug|Any CPU.ActiveCfg = Debug|Any CPU
		{128B7B52-C507-49C5-AAFB-3ADEBC58F464}.Debug|Any CPU.Build.0 = Debug|Any CPU
		{128B7B52-C507-49C5-AAFB-3ADEBC58F464}.Release|Any CPU.ActiveCfg = Release|Any CPU
		{128B7B52-C507-49C5-AAFB-3ADEBC58F464}.Release|Any CPU.Build.0 = Release|Any CPU
	EndGlobalSection
	GlobalSection(SolutionProperties) = preSolution
		HideSolutionNode = FALSE
	EndGlobalSection
	GlobalSection(ExtensibilityGlobals) = postSolution
		SolutionGuid = {E9FF86B7-6439-4C3E-AA8F-0E2F74F6326E}
	EndGlobalSection
EndGlobal
